Microsoft Visual Studio Solution File, Format Version 12.00
# Visual Studio Version 17
VisualStudioVersion = 17.5.2.0
MinimumVisualStudioVersion = 10.0.40219.1
Project("{FAE04EC0-301F-11D3-BF4B-00C04F79EFBC}") = "base", "base\base.csproj", "{379B3619-C146-7095-6D47-8AF5F1F2DDAF}"
EndProject
Global
	GlobalSection(SolutionConfigurationPlatforms) = preSolution
		Debug|Any CPU = Debug|Any CPU
		Release|Any CPU = Release|Any CPU
	EndGlobalSection
	GlobalSection(ProjectConfigurationPlatforms) = postSolution
		{379B3619-C146-7095-6D47-8AF5F1F2DDAF}.Debug|Any CPU.ActiveCfg = Debug|Any CPU
		{379B3619-C146-7095-6D47-8AF5F1F2DDAF}.Debug|Any CPU.Build.0 = Debug|Any CPU
		{379B3619-C146-7095-6D47-8AF5F1F2DDAF}.Release|Any CPU.ActiveCfg = Release|Any CPU
		{379B3619-C146-7095-6D47-8AF5F1F2DDAF}.Release|Any CPU.Build.0 = Release|Any CPU
	EndGlobalSection
	GlobalSection(SolutionProperties) = preSolution
		HideSolutionNode = FALSE
	EndGlobalSection
	GlobalSection(ExtensibilityGlobals) = postSolution
		SolutionGuid = {8F7BF955-F49E-4837-A387-3A2A3297A29A}
	EndGlobalSection
EndGlobal
